PODS:
  - Alamofire (4.7.2)
  - Apollo (0.8.0):
    - Apollo/Core (= 0.8.0)
  - Apollo/Core (0.8.0)

DEPENDENCIES:
  - Alamofire (~> 4.5)
  - Apollo (= 0.8.0)

SPEC REPOS:
  https://github.com/cocoapods/specs.git:
    - Alamofire
    - Apollo

SPEC CHECKSUMS:
  Alamofire: e4fa87002c137ba2d8d634d2c51fabcda0d5c223
  Apollo: 66e0f52289551545adb7ecdd994e713fdbae26eb

PODFILE CHECKSUM: 8c966841fba5b891dcaa2011c3cc4ce8a54f15b6

COCOAPODS: 1.5.2
