PODS:
  - Apollo (0.7.0):
    - Apollo/Core (= 0.7.0)
  - Apollo/Core (0.7.0)

DEPENDENCIES:
  - Apollo

SPEC REPOS:
  https://github.com/cocoapods/specs.git:
    - Apollo

SPEC CHECKSUMS:
  Apollo: d6649ac06168660e70c6226c4eadfc0770791ba5

PODFILE CHECKSUM: b6e604c600964076e3ed451b3a8b9f967f2badeb

COCOAPODS: 1.5.2
