PODS:
  - Apollo (0.8.0):
    - Apollo/Core (= 0.8.0)
  - Apollo/Core (0.8.0)
  - BiteAIClient (0.0.1):
    - Apollo (= 0.8.0)

DEPENDENCIES:
  - Apollo (= 0.8.0)
  - BiteAIClient (from `../../BiteAIClient.podspec`)

SPEC REPOS:
  https://github.com/cocoapods/specs.git:
    - Apollo

EXTERNAL SOURCES:
  BiteAIClient:
    :path: "../../BiteAIClient.podspec"

SPEC CHECKSUMS:
  Apollo: 66e0f52289551545adb7ecdd994e713fdbae26eb
  BiteAIClient: 25c8a8b612c0e77901f3d3a573f928949ed57144

PODFILE CHECKSUM: b122aefe0849936e614097a07647282a3b851407

COCOAPODS: 1.5.2
